
Microsoft Visual Studio Solution File, Format Version 12.00
# Visual Studio 15
VisualStudioVersion = 15.0.28010.2050
MinimumVisualStudioVersion = 10.0.40219.1
Project("{8BC9CEB8-8B4A-11D0-8D11-00A0C91BC942}") = "Pusher", "Pusher\Pusher.vcxproj", "{E5CDF438-3B13-432E-992D-1C1A32A73D8A}"
EndProject
Global
	GlobalSection(SolutionConfigurationPlatforms) = preSolution
		Debug|x64 = Debug|x64
		Debug|x86 = Debug|x86
		Release|x64 = Release|x64
		Release|x86 = Release|x86
	EndGlobalSection
	GlobalSection(ProjectConfigurationPlatforms) = postSolution
		{E5CDF438-3B13-432E-992D-1C1A32A73D8A}.Debug|x64.ActiveCfg = Debug|x64
		{E5CDF438-3B13-432E-992D-1C1A32A73D8A}.Debug|x64.Build.0 = Debug|x64
		{E5CDF438-3B13-432E-992D-1C1A32A73D8A}.Debug|x86.ActiveCfg = Debug|Win32
		{E5CDF438-3B13-432E-992D-1C1A32A73D8A}.Debug|x86.Build.0 = Debug|Win32
		{E5CDF438-3B13-432E-992D-1C1A32A73D8A}.Release|x64.ActiveCfg = Release|x64
		{E5CDF438-3B13-432E-992D-1C1A32A73D8A}.Release|x64.Build.0 = Release|x64
		{E5CDF438-3B13-432E-992D-1C1A32A73D8A}.Release|x86.ActiveCfg = Release|Win32
		{E5CDF438-3B13-432E-992D-1C1A32A73D8A}.Release|x86.Build.0 = Release|Win32
	EndGlobalSection
	GlobalSection(SolutionProperties) = preSolution
		HideSolutionNode = FALSE
	EndGlobalSection
	GlobalSection(ExtensibilityGlobals) = postSolution
		SolutionGuid = {2B0E35BD-06D2-4679-939C-67D0292B1E10}
	EndGlobalSection
EndGlobal
